github.com/sethvargo/go-envconfig v0.9.0 h1:Q6FQ6hVEeTECULvkJZakq3dZMeBQ3JUpcKMfPQbKMDE=
github.com/sethvargo/go-envconfig v0.9.0/go.mod h1:Iz1Gy1Sf3T64TQlJSvee81qDhf7YIlt8GMUX6yyNFs0=
github.com/sethvargo/go-githubactions v1.1.0 h1:mg03w+b+/s5SMS298/2G6tHv8P0w0VhUFaqL1THIqzY=
github.com/sethvargo/go-githubactions v1.1.0/go.mod h1:qIboSF7yq2Qnaw2WXDsqCReM0Lo1gU4QXUWmhBC3pxE=
